
Microsoft Visual Studio Solution File, Format Version 12.00
# Blend for Visual Studio Version 17
VisualStudioVersion = 17.10.35013.160
MinimumVisualStudioVersion = 10.0.40219.1
Project("{FAE04EC0-301F-11D3-BF4B-00C04F79EFBC}") = "BlendTextGame", "BlendTextGame.csproj", "{B63AE95C-8991-4072-9C31-F9C35D852DDF}"
EndProject
Global
	GlobalSection(SolutionConfigurationPlatforms) = preSolution
		Debug|ARM = Debug|ARM
		Debug|ARM64 = Debug|ARM64
		Debug|x64 = Debug|x64
		Debug|x86 = Debug|x86
		Release|ARM = Release|ARM
		Release|ARM64 = Release|ARM64
		Release|x64 = Release|x64
		Release|x86 = Release|x86
	EndGlobalSection
	GlobalSection(ProjectConfigurationPlatforms) = postSolution
		{B63AE95C-8991-4072-9C31-F9C35D852DDF}.Debug|ARM.ActiveCfg = Debug|ARM
		{B63AE95C-8991-4072-9C31-F9C35D852DDF}.Debug|ARM.Build.0 = Debug|ARM
		{B63AE95C-8991-4072-9C31-F9C35D852DDF}.Debug|ARM.Deploy.0 = Debug|ARM
		{B63AE95C-8991-4072-9C31-F9C35D852DDF}.Debug|ARM64.ActiveCfg = Debug|ARM64
		{B63AE95C-8991-4072-9C31-F9C35D852DDF}.Debug|ARM64.Build.0 = Debug|ARM64
		{B63AE95C-8991-4072-9C31-F9C35D852DDF}.Debug|ARM64.Deploy.0 = Debug|ARM64
		{B63AE95C-8991-4072-9C31-F9C35D852DDF}.Debug|x64.ActiveCfg = Debug|x64
		{B63AE95C-8991-4072-9C31-F9C35D852DDF}.Debug|x64.Build.0 = Debug|x64
		{B63AE95C-8991-4072-9C31-F9C35D852DDF}.Debug|x64.Deploy.0 = Debug|x64
		{B63AE95C-8991-4072-9C31-F9C35D852DDF}.Debug|x86.ActiveCfg = Debug|x86
		{B63AE95C-8991-4072-9C31-F9C35D852DDF}.Debug|x86.Build.0 = Debug|x86
		{B63AE95C-8991-4072-9C31-F9C35D852DDF}.Debug|x86.Deploy.0 = Debug|x86
		{B63AE95C-8991-4072-9C31-F9C35D852DDF}.Release|ARM.ActiveCfg = Release|ARM
		{B63AE95C-8991-4072-9C31-F9C35D852DDF}.Release|ARM.Build.0 = Release|ARM
		{B63AE95C-8991-4072-9C31-F9C35D852DDF}.Release|ARM.Deploy.0 = Release|ARM
		{B63AE95C-8991-4072-9C31-F9C35D852DDF}.Release|ARM64.ActiveCfg = Release|ARM64
		{B63AE95C-8991-4072-9C31-F9C35D852DDF}.Release|ARM64.Build.0 = Release|ARM64
		{B63AE95C-8991-4072-9C31-F9C35D852DDF}.Release|ARM64.Deploy.0 = Release|ARM64
		{B63AE95C-8991-4072-9C31-F9C35D852DDF}.Release|x64.ActiveCfg = Release|x64
		{B63AE95C-8991-4072-9C31-F9C35D852DDF}.Release|x64.Build.0 = Release|x64
		{B63AE95C-8991-4072-9C31-F9C35D852DDF}.Release|x64.Deploy.0 = Release|x64
		{B63AE95C-8991-4072-9C31-F9C35D852DDF}.Release|x86.ActiveCfg = Release|x86
		{B63AE95C-8991-4072-9C31-F9C35D852DDF}.Release|x86.Build.0 = Release|x86
		{B63AE95C-8991-4072-9C31-F9C35D852DDF}.Release|x86.Deploy.0 = Release|x86
	EndGlobalSection
	GlobalSection(SolutionProperties) = preSolution
		HideSolutionNode = FALSE
	EndGlobalSection
	GlobalSection(ExtensibilityGlobals) = postSolution
		SolutionGuid = {06990539-0E1B-4564-B873-B574B83BE1D5}
	EndGlobalSection
EndGlobal
